{
  "object": {
    "pins": [
      {
        "package": "EventSource",
        "repositoryURL": "https://github.com/mattt/eventsource.git",
        "state": {
          "branch": null,
          "revision": "ca2a9d90cbe49e09b92f4b6ebd922c03ebea51d0",
          "version": "1.3.0"
        }
      },
      {
        "package": "Kingfisher",
        "repositoryURL": "https://github.com/onevcat/Kingfisher",
        "state": {
          "branch": null,
          "revision": "d30a5fad881137e2267f96a8e3fc35c58999bb94",
          "version": "8.6.2"
        }
      },
      {
        "package": "OpenAI",
        "repositoryURL": "https://github.com/MacPaw/OpenAI.git",
        "state": {
          "branch": "main",
          "revision": "4ed3ea99ff9dfd2a760509ddb31020f4b153ef93",
          "version": null
        }
      },
      {
        "package": "SwiftDocCPlugin",
        "repositoryURL": "https://github.com/swiftlang/swift-docc-plugin.git",
        "state": {
          "branch": null,
          "revision": "3e4f133a77e644a5812911a0513aeb7288b07d06",
          "version": "1.4.5"
        }
      },
      {
        "package": "SymbolKit",
        "repositoryURL": "https://github.com/swiftlang/swift-docc-symbolkit",
        "state": {
          "branch": null,
          "revision": "b45d1f2ed151d057b54504d653e0da5552844e34",
          "version": "1.0.0"
        }
      },
      {
        "package": "swift-http-types",
        "repositoryURL": "https://github.com/apple/swift-http-types",
        "state": {
          "branch": null,
          "revision": "45eb0224913ea070ec4fba17291b9e7ecf4749ca",
          "version": "1.5.1"
        }
      },
      {
        "package": "swift-openapi-runtime",
        "repositoryURL": "https://github.com/apple/swift-openapi-runtime",
        "state": {
          "branch": null,
          "revision": "7722cf8eac05c1f1b5b05895b04cfcc29576d9be",
          "version": "1.8.3"
        }
      },
      {
        "package": "mcp-swift-sdk",
        "repositoryURL": "https://github.com/modelcontextprotocol/swift-sdk.git",
        "state": {
          "branch": null,
          "revision": "c0407a0b52677cb395d824cac2879b963075ba8c",
          "version": "0.10.2"
        }
      }
    ]
  },
  "version": 1
}
