// !$*UTF8*$!
{
	archiveVersion = 1;
	classes = {
	};
	objectVersion = 77;
	objects = {

/* Begin PBXBuildFile section */
		55B424142EB40B95009BF8F0 /* SwiftMCP in Frameworks */ = {isa = PBXBuildFile; productRef = 55B424132EB40B95009BF8F0 /* SwiftMCP */; };
		55C37B342ECC8E85007163D1 /* SwiftMCP in Frameworks */ = {isa = PBXBuildFile; productRef = 55C37B332ECC8E85007163D1 /* SwiftMCP */; };
		55C37B362ECC8E88007163D1 /* MCP in Frameworks */ = {isa = PBXBuildFile; productRef = 55C37B352ECC8E88007163D1 /* MCP */; };
		55D024F22EAE35F500E75A5C /* MCP in Frameworks */ = {isa = PBXBuildFile; productRef = 55D024F12EAE35F500E75A5C /* MCP */; };
		55F792A82EDA577000131B11 /* OpenAI in Frameworks */ = {isa = PBXBuildFile; productRef = 55F792A72EDA577000131B11 /* OpenAI */; };
/* End PBXBuildFile section */

/* Begin PBXContainerItemProxy section */
		554E9E4A2E82EDE000CF8429 /* PBXContainerItemProxy */ = {
			isa = PBXContainerItemProxy;
			containerPortal = 554E9E312E82EDDF00CF8429 /* Project object */;
			proxyType = 1;
			remoteGlobalIDString = 554E9E382E82EDDF00CF8429;
			remoteInfo = EatNeat;
		};
		554E9E542E82EDE000CF8429 /* PBXContainerItemProxy */ = {
			isa = PBXContainerItemProxy;
			containerPortal = 554E9E312E82EDDF00CF8429 /* Project object */;
			proxyType = 1;
			remoteGlobalIDString = 554E9E382E82EDDF00CF8429;
			remoteInfo = EatNeat;
		};
/* End PBXContainerItemProxy section */

/* Begin PBXCopyFilesBuildPhase section */
		55C37B252ECC8B65007163D1 /* CopyFiles */ = {
			isa = PBXCopyFilesBuildPhase;
			buildActionMask = 2147483647;
			dstPath = /usr/share/man/man1/;
			dstSubfolderSpec = 0;
			files = (
			);
			runOnlyForDeploymentPostprocessing = 1;
		};
/* End PBXCopyFilesBuildPhase section */

/* Begin PBXFileReference section */
		554E9E392E82EDDF00CF8429 /* EatNeat.app */ = {isa = PBXFileReference; explicitFileType = wrapper.application; includeInIndex = 0; path = EatNeat.app; sourceTree = BUILT_PRODUCTS_DIR; };
		554E9E492E82EDE000CF8429 /* EatNeatTests.xctest */ = {isa = PBXFileReference; explicitFileType = wrapper.cfbundle; includeInIndex = 0; path = EatNeatTests.xctest; sourceTree = BUILT_PRODUCTS_DIR; };
		554E9E532E82EDE000CF8429 /* EatNeatUITests.xctest */ = {isa = PBXFileReference; explicitFileType = wrapper.cfbundle; includeInIndex = 0; path = EatNeatUITests.xctest; sourceTree = BUILT_PRODUCTS_DIR; };
		55C37B272ECC8B65007163D1 /* EatNeatMCP */ = {isa = PBXFileReference; explicitFileType = "compiled.mach-o.executable"; includeInIndex = 0; path = EatNeatMCP; sourceTree = BUILT_PRODUCTS_DIR; };
/* End PBXFileReference section */

/* Begin PBXFileSystemSynchronizedBuildFileExceptionSet section */
		55F666162EB646B700D2172D /* Exceptions for "EatNeat" folder in "EatNeat" target */ = {
			isa = PBXFileSystemSynchronizedBuildFileExceptionSet;
			membershipExceptions = (
				Info.plist,
			);
			target = 554E9E382E82EDDF00CF8429 /* EatNeat */;
		};
/* End PBXFileSystemSynchronizedBuildFileExceptionSet section */

/* Begin PBXFileSystemSynchronizedRootGroup section */
		554E9E3B2E82EDDF00CF8429 /* EatNeat */ = {
			isa = PBXFileSystemSynchronizedRootGroup;
			exceptions = (
				55F666162EB646B700D2172D /* Exceptions for "EatNeat" folder in "EatNeat" target */,
			);
			path = EatNeat;
			sourceTree = "<group>";
		};
		554E9E4C2E82EDE000CF8429 /* EatNeatTests */ = {
			isa = PBXFileSystemSynchronizedRootGroup;
			path = EatNeatTests;
			sourceTree = "<group>";
		};
		554E9E562E82EDE000CF8429 /* EatNeatUITests */ = {
			isa = PBXFileSystemSynchronizedRootGroup;
			path = EatNeatUITests;
			sourceTree = "<group>";
		};
		55C37B282ECC8B66007163D1 /* EatNeatMCP */ = {
			isa = PBXFileSystemSynchronizedRootGroup;
			path = EatNeatMCP;
			sourceTree = "<group>";
		};
		55CA22F42E82F8F000F83235 /* Preview Content */ = {
			isa = PBXFileSystemSynchronizedRootGroup;
			path = "Preview Content";
			sourceTree = "<group>";
		};
/* End PBXFileSystemSynchronizedRootGroup section */

/* Begin PBXFrameworksBuildPhase section */
		554E9E362E82EDDF00CF8429 /* Frameworks */ = {
			isa = PBXFrameworksBuildPhase;
			buildActionMask = 2147483647;
			files = (
				55D024F22EAE35F500E75A5C /* MCP in Frameworks */,
				55F792A82EDA577000131B11 /* OpenAI in Frameworks */,
				55B424142EB40B95009BF8F0 /* SwiftMCP in Frameworks */,
			);
			runOnlyForDeploymentPostprocessing = 0;
		};
		554E9E462E82EDE000CF8429 /* Frameworks */ = {
			isa = PBXFrameworksBuildPhase;
			buildActionMask = 2147483647;
			files = (
			);
			runOnlyForDeploymentPostprocessing = 0;
		};
		554E9E502E82EDE000CF8429 /* Frameworks */ = {
			isa = PBXFrameworksBuildPhase;
			buildActionMask = 2147483647;
			files = (
			);
			runOnlyForDeploymentPostprocessing = 0;
		};
		55C37B242ECC8B65007163D1 /* Frameworks */ = {
			isa = PBXFrameworksBuildPhase;
			buildActionMask = 2147483647;
			files = (
				55C37B342ECC8E85007163D1 /* SwiftMCP in Frameworks */,
				55C37B362ECC8E88007163D1 /* MCP in Frameworks */,
			);
			runOnlyForDeploymentPostprocessing = 0;
		};
/* End PBXFrameworksBuildPhase section */

/* Begin PBXGroup section */
		554E9E302E82EDDF00CF8429 = {
			isa = PBXGroup;
			children = (
				554E9E3B2E82EDDF00CF8429 /* EatNeat */,
				554E9E4C2E82EDE000CF8429 /* EatNeatTests */,
				554E9E562E82EDE000CF8429 /* EatNeatUITests */,
				55C37B282ECC8B66007163D1 /* EatNeatMCP */,
				554E9E3A2E82EDDF00CF8429 /* Products */,
				55CA22F42E82F8F000F83235 /* Preview Content */,
				55C37B322ECC8E81007163D1 /* Frameworks */,
			);
			sourceTree = "<group>";
		};
		554E9E3A2E82EDDF00CF8429 /* Products */ = {
			isa = PBXGroup;
			children = (
				554E9E392E82EDDF00CF8429 /* EatNeat.app */,
				554E9E492E82EDE000CF8429 /* EatNeatTests.xctest */,
				554E9E532E82EDE000CF8429 /* EatNeatUITests.xctest */,
				55C37B272ECC8B65007163D1 /* EatNeatMCP */,
			);
			name = Products;
			sourceTree = "<group>";
		};
		55C37B322ECC8E81007163D1 /* Frameworks */ = {
			isa = PBXGroup;
			children = (
			);
			name = Frameworks;
			sourceTree = "<group>";
		};
/* End PBXGroup section */

/* Begin PBXNativeTarget section */
		554E9E382E82EDDF00CF8429 /* EatNeat */ = {
			isa = PBXNativeTarget;
			buildConfigurationList = 554E9E5D2E82EDE000CF8429 /* Build configuration list for PBXNativeTarget "EatNeat" */;
			buildPhases = (
				554E9E352E82EDDF00CF8429 /* Sources */,
				554E9E362E82EDDF00CF8429 /* Frameworks */,
				554E9E372E82EDDF00CF8429 /* Resources */,
			);
			buildRules = (
			);
			dependencies = (
			);
			fileSystemSynchronizedGroups = (
				554E9E3B2E82EDDF00CF8429 /* EatNeat */,
				55CA22F42E82F8F000F83235 /* Preview Content */,
			);
			name = EatNeat;
			packageProductDependencies = (
				55D024F12EAE35F500E75A5C /* MCP */,
				55B424132EB40B95009BF8F0 /* SwiftMCP */,
				55F792A72EDA577000131B11 /* OpenAI */,
			);
			productName = EatNeat;
			productReference = 554E9E392E82EDDF00CF8429 /* EatNeat.app */;
			productType = "com.apple.product-type.application";
		};
		554E9E482E82EDE000CF8429 /* EatNeatTests */ = {
			isa = PBXNativeTarget;
			buildConfigurationList = 554E9E602E82EDE000CF8429 /* Build configuration list for PBXNativeTarget "EatNeatTests" */;
			buildPhases = (
				554E9E452E82EDE000CF8429 /* Sources */,
				554E9E462E82EDE000CF8429 /* Frameworks */,
				554E9E472E82EDE000CF8429 /* Resources */,
			);
			buildRules = (
			);
			dependencies = (
				554E9E4B2E82EDE000CF8429 /* PBXTargetDependency */,
			);
			fileSystemSynchronizedGroups = (
				554E9E4C2E82EDE000CF8429 /* EatNeatTests */,
			);
			name = EatNeatTests;
			packageProductDependencies = (
			);
			productName = EatNeatTests;
			productReference = 554E9E492E82EDE000CF8429 /* EatNeatTests.xctest */;
			productType = "com.apple.product-type.bundle.unit-test";
		};
		554E9E522E82EDE000CF8429 /* EatNeatUITests */ = {
			isa = PBXNativeTarget;
			buildConfigurationList = 554E9E632E82EDE000CF8429 /* Build configuration list for PBXNativeTarget "EatNeatUITests" */;
			buildPhases = (
				554E9E4F2E82EDE000CF8429 /* Sources */,
				554E9E502E82EDE000CF8429 /* Frameworks */,
				554E9E512E82EDE000CF8429 /* Resources */,
			);
			buildRules = (
			);
			dependencies = (
				554E9E552E82EDE000CF8429 /* PBXTargetDependency */,
			);
			fileSystemSynchronizedGroups = (
				554E9E562E82EDE000CF8429 /* EatNeatUITests */,
			);
			name = EatNeatUITests;
			packageProductDependencies = (
			);
			productName = EatNeatUITests;
			productReference = 554E9E532E82EDE000CF8429 /* EatNeatUITests.xctest */;
			productType = "com.apple.product-type.bundle.ui-testing";
		};
		55C37B262ECC8B65007163D1 /* EatNeatMCP */ = {
			isa = PBXNativeTarget;
			buildConfigurationList = 55C37B2D2ECC8B66007163D1 /* Build configuration list for PBXNativeTarget "EatNeatMCP" */;
			buildPhases = (
				55C37B232ECC8B65007163D1 /* Sources */,
				55C37B242ECC8B65007163D1 /* Frameworks */,
				55C37B252ECC8B65007163D1 /* CopyFiles */,
			);
			buildRules = (
			);
			dependencies = (
			);
			fileSystemSynchronizedGroups = (
				55C37B282ECC8B66007163D1 /* EatNeatMCP */,
			);
			name = EatNeatMCP;
			packageProductDependencies = (
				55C37B332ECC8E85007163D1 /* SwiftMCP */,
				55C37B352ECC8E88007163D1 /* MCP */,
			);
			productName = EatNeatMCP;
			productReference = 55C37B272ECC8B65007163D1 /* EatNeatMCP */;
			productType = "com.apple.product-type.tool";
		};
/* End PBXNativeTarget section */

/* Begin PBXProject section */
		554E9E312E82EDDF00CF8429 /* Project object */ = {
			isa = PBXProject;
			attributes = {
				BuildIndependentTargetsInParallel = 1;
				LastSwiftUpdateCheck = 1600;
				LastUpgradeCheck = 1600;
				TargetAttributes = {
					554E9E382E82EDDF00CF8429 = {
						CreatedOnToolsVersion = 16.0;
					};
					554E9E482E82EDE000CF8429 = {
						CreatedOnToolsVersion = 16.0;
						TestTargetID = 554E9E382E82EDDF00CF8429;
					};
					554E9E522E82EDE000CF8429 = {
						CreatedOnToolsVersion = 16.0;
						TestTargetID = 554E9E382E82EDDF00CF8429;
					};
					55C37B262ECC8B65007163D1 = {
						CreatedOnToolsVersion = 16.0;
					};
				};
			};
			buildConfigurationList = 554E9E342E82EDDF00CF8429 /* Build configuration list for PBXProject "EatNeat" */;
			developmentRegion = en;
			hasScannedForEncodings = 0;
			knownRegions = (
				en,
				Base,
			);
			mainGroup = 554E9E302E82EDDF00CF8429;
			minimizedProjectReferenceProxies = 1;
			packageReferences = (
				55D024F02EAE35F500E75A5C /* XCRemoteSwiftPackageReference "swift-sdk" */,
				55B424122EB40B95009BF8F0 /* XCRemoteSwiftPackageReference "SwiftMCP" */,
				55F792A62EDA577000131B11 /* XCRemoteSwiftPackageReference "OpenAI" */,
			);
			preferredProjectObjectVersion = 77;
			productRefGroup = 554E9E3A2E82EDDF00CF8429 /* Products */;
			projectDirPath = "";
			projectRoot = "";
			targets = (
				554E9E382E82EDDF00CF8429 /* EatNeat */,
				554E9E482E82EDE000CF8429 /* EatNeatTests */,
				554E9E522E82EDE000CF8429 /* EatNeatUITests */,
				55C37B262ECC8B65007163D1 /* EatNeatMCP */,
			);
		};
/* End PBXProject section */

/* Begin PBXResourcesBuildPhase section */
		554E9E372E82EDDF00CF8429 /* Resources */ = {
			isa = PBXResourcesBuildPhase;
			buildActionMask = 2147483647;
			files = (
			);
			runOnlyForDeploymentPostprocessing = 0;
		};
		554E9E472E82EDE000CF8429 /* Resources */ = {
			isa = PBXResourcesBuildPhase;
			buildActionMask = 2147483647;
			files = (
			);
			runOnlyForDeploymentPostprocessing = 0;
		};
		554E9E512E82EDE000CF8429 /* Resources */ = {
			isa = PBXResourcesBuildPhase;
			buildActionMask = 2147483647;
			files = (
			);
			runOnlyForDeploymentPostprocessing = 0;
		};
/* End PBXResourcesBuildPhase section */

/* Begin PBXSourcesBuildPhase section */
		554E9E352E82EDDF00CF8429 /* Sources */ = {
			isa = PBXSourcesBuildPhase;
			buildActionMask = 2147483647;
			files = (
			);
			runOnlyForDeploymentPostprocessing = 0;
		};
		554E9E452E82EDE000CF8429 /* Sources */ = {
			isa = PBXSourcesBuildPhase;
			buildActionMask = 2147483647;
			files = (
			);
			runOnlyForDeploymentPostprocessing = 0;
		};
		554E9E4F2E82EDE000CF8429 /* Sources */ = {
			isa = PBXSourcesBuildPhase;
			buildActionMask = 2147483647;
			files = (
			);
			runOnlyForDeploymentPostprocessing = 0;
		};
		55C37B232ECC8B65007163D1 /* Sources */ = {
			isa = PBXSourcesBuildPhase;
			buildActionMask = 2147483647;
			files = (
			);
			runOnlyForDeploymentPostprocessing = 0;
		};
/* End PBXSourcesBuildPhase section */

/* Begin PBXTargetDependency section */
		554E9E4B2E82EDE000CF8429 /* PBXTargetDependency */ = {
			isa = PBXTargetDependency;
			target = 554E9E382E82EDDF00CF8429 /* EatNeat */;
			targetProxy = 554E9E4A2E82EDE000CF8429 /* PBXContainerItemProxy */;
		};
		554E9E552E82EDE000CF8429 /* PBXTargetDependency */ = {
			isa = PBXTargetDependency;
			target = 554E9E382E82EDDF00CF8429 /* EatNeat */;
			targetProxy = 554E9E542E82EDE000CF8429 /* PBXContainerItemProxy */;
		};
/* End PBXTargetDependency section */

/* Begin XCBuildConfiguration section */
		554E9E5B2E82EDE000CF8429 /* Debug */ = {
			isa = XCBuildConfiguration;
			buildSettings = {
				ALWAYS_SEARCH_USER_PATHS = NO;
				ASSETCATALOG_COMPILER_GENERATE_SWIFT_ASSET_SYMBOL_EXTENSIONS = YES;
				CLANG_ANALYZER_NONNULL = YES;
				CLANG_ANALYZER_NUMBER_OBJECT_CONVERSION = YES_AGGRESSIVE;
				CLANG_CXX_LANGUAGE_STANDARD = "gnu++20";
				CLANG_ENABLE_MODULES = YES;
				CLANG_ENABLE_OBJC_ARC = YES;
				CLANG_ENABLE_OBJC_WEAK = YES;
				CLANG_WARN_BLOCK_CAPTURE_AUTORELEASING = YES;
				CLANG_WARN_BOOL_CONVERSION = YES;
				CLANG_WARN_COMMA = YES;
				CLANG_WARN_CONSTANT_CONVERSION = YES;
				CLANG_WARN_DEPRECATED_OBJC_IMPLEMENTATIONS = YES;
				CLANG_WARN_DIRECT_OBJC_ISA_USAGE = YES_ERROR;
				CLANG_WARN_DOCUMENTATION_COMMENTS = YES;
				CLANG_WARN_EMPTY_BODY = YES;
				CLANG_WARN_ENUM_CONVERSION = YES;
				CLANG_WARN_INFINITE_RECURSION = YES;
				CLANG_WARN_INT_CONVERSION = YES;
				CLANG_WARN_NON_LITERAL_NULL_CONVERSION = YES;
				CLANG_WARN_OBJC_IMPLICIT_RETAIN_SELF = YES;
				CLANG_WARN_OBJC_LITERAL_CONVERSION = YES;
				CLANG_WARN_OBJC_ROOT_CLASS = YES_ERROR;
				CLANG_WARN_QUOTED_INCLUDE_IN_FRAMEWORK_HEADER = YES;
				CLANG_WARN_RANGE_LOOP_ANALYSIS = YES;
				CLANG_WARN_STRICT_PROTOTYPES = YES;
				CLANG_WARN_SUSPICIOUS_MOVE = YES;
				CLANG_WARN_UNGUARDED_AVAILABILITY = YES_AGGRESSIVE;
				CLANG_WARN_UNREACHABLE_CODE = YES;
				CLANG_WARN__DUPLICATE_METHOD_MATCH = YES;
				COPY_PHASE_STRIP = NO;
				DEBUG_INFORMATION_FORMAT = dwarf;
				ENABLE_STRICT_OBJC_MSGSEND = YES;
				ENABLE_TESTABILITY = YES;
				ENABLE_USER_SCRIPT_SANDBOXING = YES;
				GCC_C_LANGUAGE_STANDARD = gnu17;
				GCC_DYNAMIC_NO_PIC = NO;
				GCC_NO_COMMON_BLOCKS = YES;
				GCC_OPTIMIZATION_LEVEL = 0;
				GCC_PREPROCESSOR_DEFINITIONS = (
					"DEBUG=1",
					"$(inherited)",
				);
				GCC_WARN_64_TO_32_BIT_CONVERSION = YES;
				GCC_WARN_ABOUT_RETURN_TYPE = YES_ERROR;
				GCC_WARN_UNDECLARED_SELECTOR = YES;
				GCC_WARN_UNINITIALIZED_AUTOS = YES_AGGRESSIVE;
				GCC_WARN_UNUSED_FUNCTION = YES;
				GCC_WARN_UNUSED_VARIABLE = YES;
				"INFOPLIST_FILE[sdk=*]" = "";
				IPHONEOS_DEPLOYMENT_TARGET = 18.0;
				LOCALIZATION_PREFERS_STRING_CATALOGS = YES;
				MTL_ENABLE_DEBUG_INFO = INCLUDE_SOURCE;
				MTL_FAST_MATH = YES;
				ONLY_ACTIVE_ARCH = YES;
				SDKROOT = iphoneos;
				SWIFT_ACTIVE_COMPILATION_CONDITIONS = "DEBUG $(inherited)";
				SWIFT_OPTIMIZATION_LEVEL = "-Onone";
			};
			name = Debug;
		};
		554E9E5C2E82EDE000CF8429 /* Release */ = {
			isa = XCBuildConfiguration;
			buildSettings = {
				ALWAYS_SEARCH_USER_PATHS = NO;
				ASSETCATALOG_COMPILER_GENERATE_SWIFT_ASSET_SYMBOL_EXTENSIONS = YES;
				CLANG_ANALYZER_NONNULL = YES;
				CLANG_ANALYZER_NUMBER_OBJECT_CONVERSION = YES_AGGRESSIVE;
				CLANG_CXX_LANGUAGE_STANDARD = "gnu++20";
				CLANG_ENABLE_MODULES = YES;
				CLANG_ENABLE_OBJC_ARC = YES;
				CLANG_ENABLE_OBJC_WEAK = YES;
				CLANG_WARN_BLOCK_CAPTURE_AUTORELEASING = YES;
				CLANG_WARN_BOOL_CONVERSION = YES;
				CLANG_WARN_COMMA = YES;
				CLANG_WARN_CONSTANT_CONVERSION = YES;
				CLANG_WARN_DEPRECATED_OBJC_IMPLEMENTATIONS = YES;
				CLANG_WARN_DIRECT_OBJC_ISA_USAGE = YES_ERROR;
				CLANG_WARN_DOCUMENTATION_COMMENTS = YES;
				CLANG_WARN_EMPTY_BODY = YES;
				CLANG_WARN_ENUM_CONVERSION = YES;
				CLANG_WARN_INFINITE_RECURSION = YES;
				CLANG_WARN_INT_CONVERSION = YES;
				CLANG_WARN_NON_LITERAL_NULL_CONVERSION = YES;
				CLANG_WARN_OBJC_IMPLICIT_RETAIN_SELF = YES;
				CLANG_WARN_OBJC_LITERAL_CONVERSION = YES;
				CLANG_WARN_OBJC_ROOT_CLASS = YES_ERROR;
				CLANG_WARN_QUOTED_INCLUDE_IN_FRAMEWORK_HEADER = YES;
				CLANG_WARN_RANGE_LOOP_ANALYSIS = YES;
				CLANG_WARN_STRICT_PROTOTYPES = YES;
				CLANG_WARN_SUSPICIOUS_MOVE = YES;
				CLANG_WARN_UNGUARDED_AVAILABILITY = YES_AGGRESSIVE;
				CLANG_WARN_UNREACHABLE_CODE = YES;
				CLANG_WARN__DUPLICATE_METHOD_MATCH = YES;
				COPY_PHASE_STRIP = NO;
				DEBUG_INFORMATION_FORMAT = "dwarf-with-dsym";
				ENABLE_NS_ASSERTIONS = NO;
				ENABLE_STRICT_OBJC_MSGSEND = YES;
				ENABLE_USER_SCRIPT_SANDBOXING = YES;
				GCC_C_LANGUAGE_STANDARD = gnu17;
				GCC_NO_COMMON_BLOCKS = YES;
				GCC_WARN_64_TO_32_BIT_CONVERSION = YES;
				GCC_WARN_ABOUT_RETURN_TYPE = YES_ERROR;
				GCC_WARN_UNDECLARED_SELECTOR = YES;
				GCC_WARN_UNINITIALIZED_AUTOS = YES_AGGRESSIVE;
				GCC_WARN_UNUSED_FUNCTION = YES;
				GCC_WARN_UNUSED_VARIABLE = YES;
				"INFOPLIST_FILE[sdk=*]" = "";
				IPHONEOS_DEPLOYMENT_TARGET = 18.0;
				LOCALIZATION_PREFERS_STRING_CATALOGS = YES;
				MTL_ENABLE_DEBUG_INFO = NO;
				MTL_FAST_MATH = YES;
				SDKROOT = iphoneos;
				SWIFT_COMPILATION_MODE = wholemodule;
				VALIDATE_PRODUCT = YES;
			};
			name = Release;
		};
		554E9E5E2E82EDE000CF8429 /* Debug */ = {
			isa = XCBuildConfiguration;
			buildSettings = {
				ASSETCATALOG_COMPILER_APPICON_NAME = AppIcon;
				ASSETCATALOG_COMPILER_GLOBAL_ACCENT_COLOR_NAME = AccentColor;
				CODE_SIGN_STYLE = Automatic;
				CURRENT_PROJECT_VERSION = 1;
				DEVELOPMENT_ASSET_PATHS = "\"Preview Content\"";
				DEVELOPMENT_TEAM = UPW4VJM7RU;
				ENABLE_PREVIEWS = YES;
				GENERATE_INFOPLIST_FILE = YES;
				INFOPLIST_FILE = EatNeat/Info.plist;
				INFOPLIST_KEY_CFBundleDisplayName = EatNeat;
				INFOPLIST_KEY_LSApplicationCategoryType = "public.app-category.utilities";
				INFOPLIST_KEY_NSCameraUsageDescription = "This application needs access to the camera to scan receipts.";
				INFOPLIST_KEY_NSLocationWhenInUseUsageDescription = "This application needs your location to discover food banks near you.";
				INFOPLIST_KEY_UIApplicationSceneManifest_Generation = YES;
				INFOPLIST_KEY_UIApplicationSupportsIndirectInputEvents = YES;
				INFOPLIST_KEY_UILaunchScreen_Generation = YES;
				INFOPLIST_KEY_UIStatusBarStyle = "";
				INFOPLIST_KEY_UISupportedInterfaceOrientations_iPad = "UIInterfaceOrientationPortrait UIInterfaceOrientationPortraitUpsideDown UIInterfaceOrientationLandscapeLeft UIInterfaceOrientationLandscapeRight";
				INFOPLIST_KEY_UISupportedInterfaceOrientations_iPhone = "UIInterfaceOrientationPortrait UIInterfaceOrientationLandscapeLeft UIInterfaceOrientationLandscapeRight";
				LD_RUNPATH_SEARCH_PATHS = (
					"$(inherited)",
					"@executable_path/Frameworks",
				);
				MARKETING_VERSION = 1.0;
				PRODUCT_BUNDLE_IDENTIFIER = oscar.3yp.EatNeat;
				PRODUCT_NAME = "$(TARGET_NAME)";
				SWIFT_EMIT_LOC_STRINGS = YES;
				SWIFT_VERSION = 5.0;
				TARGETED_DEVICE_FAMILY = "1,2";
			};
			name = Debug;
		};
		554E9E5F2E82EDE000CF8429 /* Release */ = {
			isa = XCBuildConfiguration;
			buildSettings = {
				ASSETCATALOG_COMPILER_APPICON_NAME = AppIcon;
				ASSETCATALOG_COMPILER_GLOBAL_ACCENT_COLOR_NAME = AccentColor;
				CODE_SIGN_STYLE = Automatic;
				CURRENT_PROJECT_VERSION = 1;
				DEVELOPMENT_ASSET_PATHS = "\"Preview Content\"";
				DEVELOPMENT_TEAM = UPW4VJM7RU;
				ENABLE_PREVIEWS = YES;
				GENERATE_INFOPLIST_FILE = YES;
				INFOPLIST_FILE = EatNeat/Info.plist;
				INFOPLIST_KEY_CFBundleDisplayName = EatNeat;
				INFOPLIST_KEY_LSApplicationCategoryType = "public.app-category.utilities";
				INFOPLIST_KEY_NSCameraUsageDescription = "This application needs access to the camera to scan receipts.";
				INFOPLIST_KEY_NSLocationWhenInUseUsageDescription = "This application needs your location to discover food banks near you.";
				INFOPLIST_KEY_UIApplicationSceneManifest_Generation = YES;
				INFOPLIST_KEY_UIApplicationSupportsIndirectInputEvents = YES;
				INFOPLIST_KEY_UILaunchScreen_Generation = YES;
				INFOPLIST_KEY_UIStatusBarStyle = "";
				INFOPLIST_KEY_UISupportedInterfaceOrientations_iPad = "UIInterfaceOrientationPortrait UIInterfaceOrientationPortraitUpsideDown UIInterfaceOrientationLandscapeLeft UIInterfaceOrientationLandscapeRight";
				INFOPLIST_KEY_UISupportedInterfaceOrientations_iPhone = "UIInterfaceOrientationPortrait UIInterfaceOrientationLandscapeLeft UIInterfaceOrientationLandscapeRight";
				LD_RUNPATH_SEARCH_PATHS = (
					"$(inherited)",
					"@executable_path/Frameworks",
				);
				MARKETING_VERSION = 1.0;
				PRODUCT_BUNDLE_IDENTIFIER = oscar.3yp.EatNeat;
				PRODUCT_NAME = "$(TARGET_NAME)";
				SWIFT_EMIT_LOC_STRINGS = YES;
				SWIFT_VERSION = 5.0;
				TARGETED_DEVICE_FAMILY = "1,2";
			};
			name = Release;
		};
		554E9E612E82EDE000CF8429 /* Debug */ = {
			isa = XCBuildConfiguration;
			buildSettings = {
				BUNDLE_LOADER = "$(TEST_HOST)";
				CODE_SIGN_STYLE = Automatic;
				CURRENT_PROJECT_VERSION = 1;
				DEVELOPMENT_TEAM = UPW4VJM7RU;
				GENERATE_INFOPLIST_FILE = YES;
				IPHONEOS_DEPLOYMENT_TARGET = 18.0;
				MARKETING_VERSION = 1.0;
				PRODUCT_BUNDLE_IDENTIFIER = oscar.3yp.EatNeatTests;
				PRODUCT_NAME = "$(TARGET_NAME)";
				SWIFT_EMIT_LOC_STRINGS = NO;
				SWIFT_VERSION = 5.0;
				TARGETED_DEVICE_FAMILY = "1,2";
				TEST_HOST = "$(BUILT_PRODUCTS_DIR)/EatNeat.app/$(BUNDLE_EXECUTABLE_FOLDER_PATH)/EatNeat";
			};
			name = Debug;
		};
		554E9E622E82EDE000CF8429 /* Release */ = {
			isa = XCBuildConfiguration;
			buildSettings = {
				BUNDLE_LOADER = "$(TEST_HOST)";
				CODE_SIGN_STYLE = Automatic;
				CURRENT_PROJECT_VERSION = 1;
				DEVELOPMENT_TEAM = UPW4VJM7RU;
				GENERATE_INFOPLIST_FILE = YES;
				IPHONEOS_DEPLOYMENT_TARGET = 18.0;
				MARKETING_VERSION = 1.0;
				PRODUCT_BUNDLE_IDENTIFIER = oscar.3yp.EatNeatTests;
				PRODUCT_NAME = "$(TARGET_NAME)";
				SWIFT_EMIT_LOC_STRINGS = NO;
				SWIFT_VERSION = 5.0;
				TARGETED_DEVICE_FAMILY = "1,2";
				TEST_HOST = "$(BUILT_PRODUCTS_DIR)/EatNeat.app/$(BUNDLE_EXECUTABLE_FOLDER_PATH)/EatNeat";
			};
			name = Release;
		};
		554E9E642E82EDE000CF8429 /* Debug */ = {
			isa = XCBuildConfiguration;
			buildSettings = {
				CODE_SIGN_STYLE = Automatic;
				CURRENT_PROJECT_VERSION = 1;
				DEVELOPMENT_TEAM = UPW4VJM7RU;
				GENERATE_INFOPLIST_FILE = YES;
				MARKETING_VERSION = 1.0;
				PRODUCT_BUNDLE_IDENTIFIER = oscar.3yp.EatNeatUITests;
				PRODUCT_NAME = "$(TARGET_NAME)";
				SWIFT_EMIT_LOC_STRINGS = NO;
				SWIFT_VERSION = 5.0;
				TARGETED_DEVICE_FAMILY = "1,2";
				TEST_TARGET_NAME = EatNeat;
			};
			name = Debug;
		};
		554E9E652E82EDE000CF8429 /* Release */ = {
			isa = XCBuildConfiguration;
			buildSettings = {
				CODE_SIGN_STYLE = Automatic;
				CURRENT_PROJECT_VERSION = 1;
				DEVELOPMENT_TEAM = UPW4VJM7RU;
				GENERATE_INFOPLIST_FILE = YES;
				MARKETING_VERSION = 1.0;
				PRODUCT_BUNDLE_IDENTIFIER = oscar.3yp.EatNeatUITests;
				PRODUCT_NAME = "$(TARGET_NAME)";
				SWIFT_EMIT_LOC_STRINGS = NO;
				SWIFT_VERSION = 5.0;
				TARGETED_DEVICE_FAMILY = "1,2";
				TEST_TARGET_NAME = EatNeat;
			};
			name = Release;
		};
		55C37B2B2ECC8B66007163D1 /* Debug */ = {
			isa = XCBuildConfiguration;
			buildSettings = {
				CODE_SIGN_STYLE = Automatic;
				DEVELOPMENT_TEAM = UPW4VJM7RU;
				ENABLE_HARDENED_RUNTIME = YES;
				MACOSX_DEPLOYMENT_TARGET = 15.0;
				PRODUCT_NAME = "$(TARGET_NAME)";
				SDKROOT = macosx;
				SWIFT_VERSION = 5.0;
			};
			name = Debug;
		};
		55C37B2C2ECC8B66007163D1 /* Release */ = {
			isa = XCBuildConfiguration;
			buildSettings = {
				CODE_SIGN_STYLE = Automatic;
				DEVELOPMENT_TEAM = UPW4VJM7RU;
				ENABLE_HARDENED_RUNTIME = YES;
				MACOSX_DEPLOYMENT_TARGET = 15.0;
				PRODUCT_NAME = "$(TARGET_NAME)";
				SDKROOT = macosx;
				SWIFT_VERSION = 5.0;
			};
			name = Release;
		};
/* End XCBuildConfiguration section */

/* Begin XCConfigurationList section */
		554E9E342E82EDDF00CF8429 /* Build configuration list for PBXProject "EatNeat" */ = {
			isa = XCConfigurationList;
			buildConfigurations = (
				554E9E5B2E82EDE000CF8429 /* Debug */,
				554E9E5C2E82EDE000CF8429 /* Release */,
			);
			defaultConfigurationIsVisible = 0;
			defaultConfigurationName = Release;
		};
		554E9E5D2E82EDE000CF8429 /* Build configuration list for PBXNativeTarget "EatNeat" */ = {
			isa = XCConfigurationList;
			buildConfigurations = (
				554E9E5E2E82EDE000CF8429 /* Debug */,
				554E9E5F2E82EDE000CF8429 /* Release */,
			);
			defaultConfigurationIsVisible = 0;
			defaultConfigurationName = Release;
		};
		554E9E602E82EDE000CF8429 /* Build configuration list for PBXNativeTarget "EatNeatTests" */ = {
			isa = XCConfigurationList;
			buildConfigurations = (
				554E9E612E82EDE000CF8429 /* Debug */,
				554E9E622E82EDE000CF8429 /* Release */,
			);
			defaultConfigurationIsVisible = 0;
			defaultConfigurationName = Release;
		};
		554E9E632E82EDE000CF8429 /* Build configuration list for PBXNativeTarget "EatNeatUITests" */ = {
			isa = XCConfigurationList;
			buildConfigurations = (
				554E9E642E82EDE000CF8429 /* Debug */,
				554E9E652E82EDE000CF8429 /* Release */,
			);
			defaultConfigurationIsVisible = 0;
			defaultConfigurationName = Release;
		};
		55C37B2D2ECC8B66007163D1 /* Build configuration list for PBXNativeTarget "EatNeatMCP" */ = {
			isa = XCConfigurationList;
			buildConfigurations = (
				55C37B2B2ECC8B66007163D1 /* Debug */,
				55C37B2C2ECC8B66007163D1 /* Release */,
			);
			defaultConfigurationIsVisible = 0;
			defaultConfigurationName = Release;
		};
/* End XCConfigurationList section */

/* Begin XCRemoteSwiftPackageReference section */
		55B424122EB40B95009BF8F0 /* XCRemoteSwiftPackageReference "SwiftMCP" */ = {
			isa = XCRemoteSwiftPackageReference;
			repositoryURL = "https://github.com/Cocoanetics/SwiftMCP.git";
			requirement = {
				branch = main;
				kind = branch;
			};
		};
		55D024F02EAE35F500E75A5C /* XCRemoteSwiftPackageReference "swift-sdk" */ = {
			isa = XCRemoteSwiftPackageReference;
			repositoryURL = "https://github.com/modelcontextprotocol/swift-sdk.git";
			requirement = {
				kind = upToNextMajorVersion;
				minimumVersion = 0.10.2;
			};
		};
		55F792A62EDA577000131B11 /* XCRemoteSwiftPackageReference "OpenAI" */ = {
			isa = XCRemoteSwiftPackageReference;
			repositoryURL = "https://github.com/MacPaw/OpenAI.git";
			requirement = {
				branch = main;
				kind = branch;
			};
		};
/* End XCRemoteSwiftPackageReference section */

/* Begin XCSwiftPackageProductDependency section */
		55B424132EB40B95009BF8F0 /* SwiftMCP */ = {
			isa = XCSwiftPackageProductDependency;
			package = 55B424122EB40B95009BF8F0 /* XCRemoteSwiftPackageReference "SwiftMCP" */;
			productName = SwiftMCP;
		};
		55C37B332ECC8E85007163D1 /* SwiftMCP */ = {
			isa = XCSwiftPackageProductDependency;
			package = 55B424122EB40B95009BF8F0 /* XCRemoteSwiftPackageReference "SwiftMCP" */;
			productName = SwiftMCP;
		};
		55C37B352ECC8E88007163D1 /* MCP */ = {
			isa = XCSwiftPackageProductDependency;
			package = 55D024F02EAE35F500E75A5C /* XCRemoteSwiftPackageReference "swift-sdk" */;
			productName = MCP;
		};
		55D024F12EAE35F500E75A5C /* MCP */ = {
			isa = XCSwiftPackageProductDependency;
			package = 55D024F02EAE35F500E75A5C /* XCRemoteSwiftPackageReference "swift-sdk" */;
			productName = MCP;
		};
		55F792A72EDA577000131B11 /* OpenAI */ = {
			isa = XCSwiftPackageProductDependency;
			package = 55F792A62EDA577000131B11 /* XCRemoteSwiftPackageReference "OpenAI" */;
			productName = OpenAI;
		};
/* End XCSwiftPackageProductDependency section */
	};
	rootObject = 554E9E312E82EDDF00CF8429 /* Project object */;
}
